// !$*UTF8*$!
{
	archiveVersion = 1;
	classes = {
	};
	objectVersion = 55;
	objects = {

/* Begin PBXBuildFile section */
		76F8F22F284F7C2700FBB329 /* CategoryListCoordinator.swift in Sources */ = {isa = PBXBuildFile; fileRef = 76F8F22E284F7C2700FBB329 /* CategoryListCoordinator.swift */; };
		76F8F232284F7FD200FBB329 /* CategoryListViewController.swift in Sources */ = {isa = PBXBuildFile; fileRef = 76F8F230284F7FD200FBB329 /* CategoryListViewController.swift */; };
		76F8F233284F7FD200FBB329 /* CategoryListViewController.xib in Resources */ = {isa = PBXBuildFile; fileRef = 76F8F231284F7FD200FBB329 /* CategoryListViewController.xib */; };
		76F8F236284F8C9400FBB329 /* Category.swift in Sources */ = {isa = PBXBuildFile; fileRef = 76F8F235284F8C9400FBB329 /* Category.swift */; };
		A1417B62284ECF6D00406C39 /* AppDelegate.swift in Sources */ = {isa = PBXBuildFile; fileRef = A1417B61284ECF6D00406C39 /* AppDelegate.swift */; };
		A1417B64284ECF6D00406C39 /* SceneDelegate.swift in Sources */ = {isa = PBXBuildFile; fileRef = A1417B63284ECF6D00406C39 /* SceneDelegate.swift */; };
		A1417B6B284ECF6D00406C39 /* Assets.xcassets in Resources */ = {isa = PBXBuildFile; fileRef = A1417B6A284ECF6D00406C39 /* Assets.xcassets */; };
		A1417B6E284ECF6D00406C39 /* LaunchScreen.storyboard in Resources */ = {isa = PBXBuildFile; fileRef = A1417B6C284ECF6D00406C39 /* LaunchScreen.storyboard */; };
		A1417B79284ECF6E00406C39 /* Not_Bored_AlkemyTests.swift in Sources */ = {isa = PBXBuildFile; fileRef = A1417B78284ECF6E00406C39 /* Not_Bored_AlkemyTests.swift */; };
		A1417B83284ECF6E00406C39 /* Not_Bored_AlkemyUITests.swift in Sources */ = {isa = PBXBuildFile; fileRef = A1417B82284ECF6E00406C39 /* Not_Bored_AlkemyUITests.swift */; };
		A1417B85284ECF6E00406C39 /* Not_Bored_AlkemyUITestsLaunchTests.swift in Sources */ = {isa = PBXBuildFile; fileRef = A1417B84284ECF6E00406C39 /* Not_Bored_AlkemyUITestsLaunchTests.swift */; };
		A1417B92284ECFA900406C39 /* CoordinatorProtocol.swift in Sources */ = {isa = PBXBuildFile; fileRef = A1417B91284ECFA900406C39 /* CoordinatorProtocol.swift */; };
		A1417B94284ECFC900406C39 /* MainCoordinator.swift in Sources */ = {isa = PBXBuildFile; fileRef = A1417B93284ECFC900406C39 /* MainCoordinator.swift */; };
		A1417B9A284ED04100406C39 /* HomeViewCoordinator.swift in Sources */ = {isa = PBXBuildFile; fileRef = A1417B99284ED04100406C39 /* HomeViewCoordinator.swift */; };
		A1417B9C284ED13100406C39 /* ViewController+Extension.swift in Sources */ = {isa = PBXBuildFile; fileRef = A1417B9B284ED13000406C39 /* ViewController+Extension.swift */; };
		A1417B9E284ED1A900406C39 /* View+Extension.swift in Sources */ = {isa = PBXBuildFile; fileRef = A1417B9D284ED1A900406C39 /* View+Extension.swift */; };
		A1417BA5284ED88B00406C39 /* HomeViewController.swift in Sources */ = {isa = PBXBuildFile; fileRef = A1417BA3284ED88B00406C39 /* HomeViewController.swift */; };
		A1417BA6284ED88B00406C39 /* HomeViewController.xib in Resources */ = {isa = PBXBuildFile; fileRef = A1417BA4284ED88B00406C39 /* HomeViewController.xib */; };
/* End PBXBuildFile section */

/* Begin PBXContainerItemProxy section */
		A1417B75284ECF6E00406C39 /* PBXContainerItemProxy */ = {
			isa = PBXContainerItemProxy;
			containerPortal = A1417B56284ECF6D00406C39 /* Project object */;
			proxyType = 1;
			remoteGlobalIDString = A1417B5D284ECF6D00406C39;
			remoteInfo = "Not Bored Alkemy";
		};
		A1417B7F284ECF6E00406C39 /* PBXContainerItemProxy */ = {
			isa = PBXContainerItemProxy;
			containerPortal = A1417B56284ECF6D00406C39 /* Project object */;
			proxyType = 1;
			remoteGlobalIDString = A1417B5D284ECF6D00406C39;
			remoteInfo = "Not Bored Alkemy";
		};
/* End PBXContainerItemProxy section */

/* Begin PBXFileReference section */
		76F8F22E284F7C2700FBB329 /* CategoryListCoordinator.swift */ = {isa = PBXFileReference; lastKnownFileType = sourcecode.swift; path = CategoryListCoordinator.swift; sourceTree = "<group>"; };
		76F8F230284F7FD200FBB329 /* CategoryListViewController.swift */ = {isa = PBXFileReference; lastKnownFileType = sourcecode.swift; path = CategoryListViewController.swift; sourceTree = "<group>"; };
		76F8F231284F7FD200FBB329 /* CategoryListViewController.xib */ = {isa = PBXFileReference; lastKnownFileType = file.xib; path = CategoryListViewController.xib; sourceTree = "<group>"; };
		76F8F235284F8C9400FBB329 /* Category.swift */ = {isa = PBXFileReference; lastKnownFileType = sourcecode.swift; path = Category.swift; sourceTree = "<group>"; };
		A1417B5E284ECF6D00406C39 /* Not Bored Alkemy.app */ = {isa = PBXFileReference; explicitFileType = wrapper.application; includeInIndex = 0; path = "Not Bored Alkemy.app"; sourceTree = BUILT_PRODUCTS_DIR; };
		A1417B61284ECF6D00406C39 /* AppDelegate.swift */ = {isa = PBXFileReference; lastKnownFileType = sourcecode.swift; path = AppDelegate.swift; sourceTree = "<group>"; };
		A1417B63284ECF6D00406C39 /* SceneDelegate.swift */ = {isa = PBXFileReference; lastKnownFileType = sourcecode.swift; path = SceneDelegate.swift; sourceTree = "<group>"; };
		A1417B6A284ECF6D00406C39 /* Assets.xcassets */ = {isa = PBXFileReference; lastKnownFileType = folder.assetcatalog; path = Assets.xcassets; sourceTree = "<group>"; };
		A1417B6D284ECF6D00406C39 /* Base */ = {isa = PBXFileReference; lastKnownFileType = file.storyboard; name = Base; path = Base.lproj/LaunchScreen.storyboard; sourceTree = "<group>"; };
		A1417B6F284ECF6D00406C39 /* Info.plist */ = {isa = PBXFileReference; lastKnownFileType = text.plist.xml; path = Info.plist; sourceTree = "<group>"; };
		A1417B74284ECF6E00406C39 /* Not Bored AlkemyTests.xctest */ = {isa = PBXFileReference; explicitFileType = wrapper.cfbundle; includeInIndex = 0; path = "Not Bored AlkemyTests.xctest"; sourceTree = BUILT_PRODUCTS_DIR; };
		A1417B78284ECF6E00406C39 /* Not_Bored_AlkemyTests.swift */ = {isa = PBXFileReference; lastKnownFileType = sourcecode.swift; path = Not_Bored_AlkemyTests.swift; sourceTree = "<group>"; };
		A1417B7E284ECF6E00406C39 /* Not Bored AlkemyUITests.xctest */ = {isa = PBXFileReference; explicitFileType = wrapper.cfbundle; includeInIndex = 0; path = "Not Bored AlkemyUITests.xctest"; sourceTree = BUILT_PRODUCTS_DIR; };
		A1417B82284ECF6E00406C39 /* Not_Bored_AlkemyUITests.swift */ = {isa = PBXFileReference; lastKnownFileType = sourcecode.swift; path = Not_Bored_AlkemyUITests.swift; sourceTree = "<group>"; };
		A1417B84284ECF6E00406C39 /* Not_Bored_AlkemyUITestsLaunchTests.swift */ = {isa = PBXFileReference; lastKnownFileType = sourcecode.swift; path = Not_Bored_AlkemyUITestsLaunchTests.swift; sourceTree = "<group>"; };
		A1417B91284ECFA900406C39 /* CoordinatorProtocol.swift */ = {isa = PBXFileReference; lastKnownFileType = sourcecode.swift; path = CoordinatorProtocol.swift; sourceTree = "<group>"; };
		A1417B93284ECFC900406C39 /* MainCoordinator.swift */ = {isa = PBXFileReference; lastKnownFileType = sourcecode.swift; path = MainCoordinator.swift; sourceTree = "<group>"; };
		A1417B99284ED04100406C39 /* HomeViewCoordinator.swift */ = {isa = PBXFileReference; lastKnownFileType = sourcecode.swift; path = HomeViewCoordinator.swift; sourceTree = "<group>"; };
		A1417B9B284ED13000406C39 /* ViewController+Extension.swift */ = {isa = PBXFileReference; lastKnownFileType = sourcecode.swift; path = "ViewController+Extension.swift"; sourceTree = "<group>"; };
		A1417B9D284ED1A900406C39 /* View+Extension.swift */ = {isa = PBXFileReference; lastKnownFileType = sourcecode.swift; path = "View+Extension.swift"; sourceTree = "<group>"; };
		A1417BA3284ED88B00406C39 /* HomeViewController.swift */ = {isa = PBXFileReference; lastKnownFileType = sourcecode.swift; path = HomeViewController.swift; sourceTree = "<group>"; };
		A1417BA4284ED88B00406C39 /* HomeViewController.xib */ = {isa = PBXFileReference; lastKnownFileType = file.xib; path = HomeViewController.xib; sourceTree = "<group>"; };
/* End PBXFileReference section */

/* Begin PBXFrameworksBuildPhase section */
		A1417B5B284ECF6D00406C39 /* Frameworks */ = {
			isa = PBXFrameworksBuildPhase;
			buildActionMask = 2147483647;
			files = (
			);
			runOnlyForDeploymentPostprocessing = 0;
		};
		A1417B71284ECF6E00406C39 /* Frameworks */ = {
			isa = PBXFrameworksBuildPhase;
			buildActionMask = 2147483647;
			files = (
			);
			runOnlyForDeploymentPostprocessing = 0;
		};
		A1417B7B284ECF6E00406C39 /* Frameworks */ = {
			isa = PBXFrameworksBuildPhase;
			buildActionMask = 2147483647;
			files = (
			);
			runOnlyForDeploymentPostprocessing = 0;
		};
/* End PBXFrameworksBuildPhase section */

/* Begin PBXGroup section */
		76F8F234284F8C7E00FBB329 /* Model */ = {
			isa = PBXGroup;
			children = (
				76F8F235284F8C9400FBB329 /* Category.swift */,
			);
			path = Model;
			sourceTree = "<group>";
		};
		A1417B55284ECF6D00406C39 = {
			isa = PBXGroup;
			children = (
				A1417B60284ECF6D00406C39 /* Not Bored Alkemy */,
				A1417B77284ECF6E00406C39 /* Not Bored AlkemyTests */,
				A1417B81284ECF6E00406C39 /* Not Bored AlkemyUITests */,
				A1417B5F284ECF6D00406C39 /* Products */,
			);
			sourceTree = "<group>";
		};
		A1417B5F284ECF6D00406C39 /* Products */ = {
			isa = PBXGroup;
			children = (
				A1417B5E284ECF6D00406C39 /* Not Bored Alkemy.app */,
				A1417B74284ECF6E00406C39 /* Not Bored AlkemyTests.xctest */,
				A1417B7E284ECF6E00406C39 /* Not Bored AlkemyUITests.xctest */,
			);
			name = Products;
			sourceTree = "<group>";
		};
		A1417B60284ECF6D00406C39 /* Not Bored Alkemy */ = {
			isa = PBXGroup;
			children = (
				76F8F234284F8C7E00FBB329 /* Model */,
				A1417BAE284EDB7100406C39 /* Managers */,
				A1417BAD284EDB2200406C39 /* Support */,
				A1417BAC284EDA9D00406C39 /* Protocols */,
				A1417BA9284EDA2200406C39 /* UI */,
				A1417BA7284ED9F500406C39 /* Extensions */,
				A1417B6A284ECF6D00406C39 /* Assets.xcassets */,
				A1417B6C284ECF6D00406C39 /* LaunchScreen.storyboard */,
				A1417B6F284ECF6D00406C39 /* Info.plist */,
			);
			path = "Not Bored Alkemy";
			sourceTree = "<group>";
		};
		A1417B77284ECF6E00406C39 /* Not Bored AlkemyTests */ = {
			isa = PBXGroup;
			children = (
				A1417B78284ECF6E00406C39 /* Not_Bored_AlkemyTests.swift */,
			);
			path = "Not Bored AlkemyTests";
			sourceTree = "<group>";
		};
		A1417B81284ECF6E00406C39 /* Not Bored AlkemyUITests */ = {
			isa = PBXGroup;
			children = (
				A1417B82284ECF6E00406C39 /* Not_Bored_AlkemyUITests.swift */,
				A1417B84284ECF6E00406C39 /* Not_Bored_AlkemyUITestsLaunchTests.swift */,
			);
			path = "Not Bored AlkemyUITests";
			sourceTree = "<group>";
		};
		A1417BA7284ED9F500406C39 /* Extensions */ = {
			isa = PBXGroup;
			children = (
				A1417B9D284ED1A900406C39 /* View+Extension.swift */,
				A1417B9B284ED13000406C39 /* ViewController+Extension.swift */,
			);
			path = Extensions;
			sourceTree = "<group>";
		};
		A1417BA8284EDA0A00406C39 /* Coordinators */ = {
			isa = PBXGroup;
			children = (
				A1417B99284ED04100406C39 /* HomeViewCoordinator.swift */,
				76F8F22E284F7C2700FBB329 /* CategoryListCoordinator.swift */,
			);
			path = Coordinators;
			sourceTree = "<group>";
		};
		A1417BA9284EDA2200406C39 /* UI */ = {
			isa = PBXGroup;
			children = (
				A1417BAB284EDA4B00406C39 /* Views */,
				A1417BAA284EDA3300406C39 /* Controllers */,
				A1417BA8284EDA0A00406C39 /* Coordinators */,
			);
			path = UI;
			sourceTree = "<group>";
		};
		A1417BAA284EDA3300406C39 /* Controllers */ = {
			isa = PBXGroup;
			children = (
				76F8F230284F7FD200FBB329 /* CategoryListViewController.swift */,
				A1417BA3284ED88B00406C39 /* HomeViewController.swift */,
			);
			path = Controllers;
			sourceTree = "<group>";
		};
		A1417BAB284EDA4B00406C39 /* Views */ = {
			isa = PBXGroup;
			children = (
				76F8F231284F7FD200FBB329 /* CategoryListViewController.xib */,
				A1417BA4284ED88B00406C39 /* HomeViewController.xib */,
			);
			path = Views;
			sourceTree = "<group>";
		};
		A1417BAC284EDA9D00406C39 /* Protocols */ = {
			isa = PBXGroup;
			children = (
				A1417B91284ECFA900406C39 /* CoordinatorProtocol.swift */,
			);
			path = Protocols;
			sourceTree = "<group>";
		};
		A1417BAD284EDB2200406C39 /* Support */ = {
			isa = PBXGroup;
			children = (
				A1417B93284ECFC900406C39 /* MainCoordinator.swift */,
				A1417B63284ECF6D00406C39 /* SceneDelegate.swift */,
				A1417B61284ECF6D00406C39 /* AppDelegate.swift */,
			);
			path = Support;
			sourceTree = "<group>";
		};
		A1417BAE284EDB7100406C39 /* Managers */ = {
			isa = PBXGroup;
			children = (
			);
			path = Managers;
			sourceTree = "<group>";
		};
/* End PBXGroup section */

/* Begin PBXNativeTarget section */
		A1417B5D284ECF6D00406C39 /* Not Bored Alkemy */ = {
			isa = PBXNativeTarget;
			buildConfigurationList = A1417B88284ECF6E00406C39 /* Build configuration list for PBXNativeTarget "Not Bored Alkemy" */;
			buildPhases = (
				A1417B5A284ECF6D00406C39 /* Sources */,
				A1417B5B284ECF6D00406C39 /* Frameworks */,
				A1417B5C284ECF6D00406C39 /* Resources */,
			);
			buildRules = (
			);
			dependencies = (
			);
			name = "Not Bored Alkemy";
			productName = "Not Bored Alkemy";
			productReference = A1417B5E284ECF6D00406C39 /* Not Bored Alkemy.app */;
			productType = "com.apple.product-type.application";
		};
		A1417B73284ECF6E00406C39 /* Not Bored AlkemyTests */ = {
			isa = PBXNativeTarget;
			buildConfigurationList = A1417B8B284ECF6E00406C39 /* Build configuration list for PBXNativeTarget "Not Bored AlkemyTests" */;
			buildPhases = (
				A1417B70284ECF6E00406C39 /* Sources */,
				A1417B71284ECF6E00406C39 /* Frameworks */,
				A1417B72284ECF6E00406C39 /* Resources */,
			);
			buildRules = (
			);
			dependencies = (
				A1417B76284ECF6E00406C39 /* PBXTargetDependency */,
			);
			name = "Not Bored AlkemyTests";
			productName = "Not Bored AlkemyTests";
			productReference = A1417B74284ECF6E00406C39 /* Not Bored AlkemyTests.xctest */;
			productType = "com.apple.product-type.bundle.unit-test";
		};
		A1417B7D284ECF6E00406C39 /* Not Bored AlkemyUITests */ = {
			isa = PBXNativeTarget;
			buildConfigurationList = A1417B8E284ECF6E00406C39 /* Build configuration list for PBXNativeTarget "Not Bored AlkemyUITests" */;
			buildPhases = (
				A1417B7A284ECF6E00406C39 /* Sources */,
				A1417B7B284ECF6E00406C39 /* Frameworks */,
				A1417B7C284ECF6E00406C39 /* Resources */,
			);
			buildRules = (
			);
			dependencies = (
				A1417B80284ECF6E00406C39 /* PBXTargetDependency */,
			);
			name = "Not Bored AlkemyUITests";
			productName = "Not Bored AlkemyUITests";
			productReference = A1417B7E284ECF6E00406C39 /* Not Bored AlkemyUITests.xctest */;
			productType = "com.apple.product-type.bundle.ui-testing";
		};
/* End PBXNativeTarget section */

/* Begin PBXProject section */
		A1417B56284ECF6D00406C39 /* Project object */ = {
			isa = PBXProject;
			attributes = {
				BuildIndependentTargetsInParallel = 1;
				LastSwiftUpdateCheck = 1320;
				LastUpgradeCheck = 1320;
				TargetAttributes = {
					A1417B5D284ECF6D00406C39 = {
						CreatedOnToolsVersion = 13.2.1;
					};
					A1417B73284ECF6E00406C39 = {
						CreatedOnToolsVersion = 13.2.1;
						TestTargetID = A1417B5D284ECF6D00406C39;
					};
					A1417B7D284ECF6E00406C39 = {
						CreatedOnToolsVersion = 13.2.1;
						TestTargetID = A1417B5D284ECF6D00406C39;
					};
				};
			};
			buildConfigurationList = A1417B59284ECF6D00406C39 /* Build configuration list for PBXProject "Not Bored Alkemy" */;
			compatibilityVersion = "Xcode 13.0";
			developmentRegion = en;
			hasScannedForEncodings = 0;
			knownRegions = (
				en,
				Base,
			);
			mainGroup = A1417B55284ECF6D00406C39;
			productRefGroup = A1417B5F284ECF6D00406C39 /* Products */;
			projectDirPath = "";
			projectRoot = "";
			targets = (
				A1417B5D284ECF6D00406C39 /* Not Bored Alkemy */,
				A1417B73284ECF6E00406C39 /* Not Bored AlkemyTests */,
				A1417B7D284ECF6E00406C39 /* Not Bored AlkemyUITests */,
			);
		};
/* End PBXProject section */

/* Begin PBXResourcesBuildPhase section */
		A1417B5C284ECF6D00406C39 /* Resources */ = {
			isa = PBXResourcesBuildPhase;
			buildActionMask = 2147483647;
			files = (
				76F8F233284F7FD200FBB329 /* CategoryListViewController.xib in Resources */,
				A1417B6E284ECF6D00406C39 /* LaunchScreen.storyboard in Resources */,
				A1417B6B284ECF6D00406C39 /* Assets.xcassets in Resources */,
				A1417BA6284ED88B00406C39 /* HomeViewController.xib in Resources */,
			);
			runOnlyForDeploymentPostprocessing = 0;
		};
		A1417B72284ECF6E00406C39 /* Resources */ = {
			isa = PBXResourcesBuildPhase;
			buildActionMask = 2147483647;
			files = (
			);
			runOnlyForDeploymentPostprocessing = 0;
		};
		A1417B7C284ECF6E00406C39 /* Resources */ = {
			isa = PBXResourcesBuildPhase;
			buildActionMask = 2147483647;
			files = (
			);
			runOnlyForDeploymentPostprocessing = 0;
		};
/* End PBXResourcesBuildPhase section */

/* Begin PBXSourcesBuildPhase section */
		A1417B5A284ECF6D00406C39 /* Sources */ = {
			isa = PBXSourcesBuildPhase;
			buildActionMask = 2147483647;
			files = (
				76F8F232284F7FD200FBB329 /* CategoryListViewController.swift in Sources */,
				A1417B9C284ED13100406C39 /* ViewController+Extension.swift in Sources */,
				A1417B9A284ED04100406C39 /* HomeViewCoordinator.swift in Sources */,
				A1417B62284ECF6D00406C39 /* AppDelegate.swift in Sources */,
				A1417B92284ECFA900406C39 /* CoordinatorProtocol.swift in Sources */,
				A1417BA5284ED88B00406C39 /* HomeViewController.swift in Sources */,
				A1417B94284ECFC900406C39 /* MainCoordinator.swift in Sources */,
				A1417B64284ECF6D00406C39 /* SceneDelegate.swift in Sources */,
				76F8F22F284F7C2700FBB329 /* CategoryListCoordinator.swift in Sources */,
				A1417B9E284ED1A900406C39 /* View+Extension.swift in Sources */,
				76F8F236284F8C9400FBB329 /* Category.swift in Sources */,
			);
			runOnlyForDeploymentPostprocessing = 0;
		};
		A1417B70284ECF6E00406C39 /* Sources */ = {
			isa = PBXSourcesBuildPhase;
			buildActionMask = 2147483647;
			files = (
				A1417B79284ECF6E00406C39 /* Not_Bored_AlkemyTests.swift in Sources */,
			);
			runOnlyForDeploymentPostprocessing = 0;
		};
		A1417B7A284ECF6E00406C39 /* Sources */ = {
			isa = PBXSourcesBuildPhase;
			buildActionMask = 2147483647;
			files = (
				A1417B85284ECF6E00406C39 /* Not_Bored_AlkemyUITestsLaunchTests.swift in Sources */,
				A1417B83284ECF6E00406C39 /* Not_Bored_AlkemyUITests.swift in Sources */,
			);
			runOnlyForDeploymentPostprocessing = 0;
		};
/* End PBXSourcesBuildPhase section */

/* Begin PBXTargetDependency section */
		A1417B76284ECF6E00406C39 /* PBXTargetDependency */ = {
			isa = PBXTargetDependency;
			target = A1417B5D284ECF6D00406C39 /* Not Bored Alkemy */;
			targetProxy = A1417B75284ECF6E00406C39 /* PBXContainerItemProxy */;
		};
		A1417B80284ECF6E00406C39 /* PBXTargetDependency */ = {
			isa = PBXTargetDependency;
			target = A1417B5D284ECF6D00406C39 /* Not Bored Alkemy */;
			targetProxy = A1417B7F284ECF6E00406C39 /* PBXContainerItemProxy */;
		};
/* End PBXTargetDependency section */

/* Begin PBXVariantGroup section */
		A1417B6C284ECF6D00406C39 /* LaunchScreen.storyboard */ = {
			isa = PBXVariantGroup;
			children = (
				A1417B6D284ECF6D00406C39 /* Base */,
			);
			name = LaunchScreen.storyboard;
			sourceTree = "<group>";
		};
/* End PBXVariantGroup section */

/* Begin XCBuildConfiguration section */
		A1417B86284ECF6E00406C39 /* Debug */ = {
			isa = XCBuildConfiguration;
			buildSettings = {
				ALWAYS_SEARCH_USER_PATHS = NO;
				CLANG_ANALYZER_NONNULL = YES;
				CLANG_ANALYZER_NUMBER_OBJECT_CONVERSION = YES_AGGRESSIVE;
				CLANG_CXX_LANGUAGE_STANDARD = "gnu++17";
				CLANG_CXX_LIBRARY = "libc++";
				CLANG_ENABLE_MODULES = YES;
				CLANG_ENABLE_OBJC_ARC = YES;
				CLANG_ENABLE_OBJC_WEAK = YES;
				CLANG_WARN_BLOCK_CAPTURE_AUTORELEASING = YES;
				CLANG_WARN_BOOL_CONVERSION = YES;
				CLANG_WARN_COMMA = YES;
				CLANG_WARN_CONSTANT_CONVERSION = YES;
				CLANG_WARN_DEPRECATED_OBJC_IMPLEMENTATIONS = YES;
				CLANG_WARN_DIRECT_OBJC_ISA_USAGE = YES_ERROR;
				CLANG_WARN_DOCUMENTATION_COMMENTS = YES;
				CLANG_WARN_EMPTY_BODY = YES;
				CLANG_WARN_ENUM_CONVERSION = YES;
				CLANG_WARN_INFINITE_RECURSION = YES;
				CLANG_WARN_INT_CONVERSION = YES;
				CLANG_WARN_NON_LITERAL_NULL_CONVERSION = YES;
				CLANG_WARN_OBJC_IMPLICIT_RETAIN_SELF = YES;
				CLANG_WARN_OBJC_LITERAL_CONVERSION = YES;
				CLANG_WARN_OBJC_ROOT_CLASS = YES_ERROR;
				CLANG_WARN_QUOTED_INCLUDE_IN_FRAMEWORK_HEADER = YES;
				CLANG_WARN_RANGE_LOOP_ANALYSIS = YES;
				CLANG_WARN_STRICT_PROTOTYPES = YES;
				CLANG_WARN_SUSPICIOUS_MOVE = YES;
				CLANG_WARN_UNGUARDED_AVAILABILITY = YES_AGGRESSIVE;
				CLANG_WARN_UNREACHABLE_CODE = YES;
				CLANG_WARN__DUPLICATE_METHOD_MATCH = YES;
				COPY_PHASE_STRIP = NO;
				DEBUG_INFORMATION_FORMAT = dwarf;
				ENABLE_STRICT_OBJC_MSGSEND = YES;
				ENABLE_TESTABILITY = YES;
				GCC_C_LANGUAGE_STANDARD = gnu11;
				GCC_DYNAMIC_NO_PIC = NO;
				GCC_NO_COMMON_BLOCKS = YES;
				GCC_OPTIMIZATION_LEVEL = 0;
				GCC_PREPROCESSOR_DEFINITIONS = (
					"DEBUG=1",
					"$(inherited)",
				);
				GCC_WARN_64_TO_32_BIT_CONVERSION = YES;
				GCC_WARN_ABOUT_RETURN_TYPE = YES_ERROR;
				GCC_WARN_UNDECLARED_SELECTOR = YES;
				GCC_WARN_UNINITIALIZED_AUTOS = YES_AGGRESSIVE;
				GCC_WARN_UNUSED_FUNCTION = YES;
				GCC_WARN_UNUSED_VARIABLE = YES;
				IPHONEOS_DEPLOYMENT_TARGET = 15.2;
				MTL_ENABLE_DEBUG_INFO = INCLUDE_SOURCE;
				MTL_FAST_MATH = YES;
				ONLY_ACTIVE_ARCH = YES;
				SDKROOT = iphoneos;
				SWIFT_ACTIVE_COMPILATION_CONDITIONS = DEBUG;
				SWIFT_OPTIMIZATION_LEVEL = "-Onone";
			};
			name = Debug;
		};
		A1417B87284ECF6E00406C39 /* Release */ = {
			isa = XCBuildConfiguration;
			buildSettings = {
				ALWAYS_SEARCH_USER_PATHS = NO;
				CLANG_ANALYZER_NONNULL = YES;
				CLANG_ANALYZER_NUMBER_OBJECT_CONVERSION = YES_AGGRESSIVE;
				CLANG_CXX_LANGUAGE_STANDARD = "gnu++17";
				CLANG_CXX_LIBRARY = "libc++";
				CLANG_ENABLE_MODULES = YES;
				CLANG_ENABLE_OBJC_ARC = YES;
				CLANG_ENABLE_OBJC_WEAK = YES;
				CLANG_WARN_BLOCK_CAPTURE_AUTORELEASING = YES;
				CLANG_WARN_BOOL_CONVERSION = YES;
				CLANG_WARN_COMMA = YES;
				CLANG_WARN_CONSTANT_CONVERSION = YES;
				CLANG_WARN_DEPRECATED_OBJC_IMPLEMENTATIONS = YES;
				CLANG_WARN_DIRECT_OBJC_ISA_USAGE = YES_ERROR;
				CLANG_WARN_DOCUMENTATION_COMMENTS = YES;
				CLANG_WARN_EMPTY_BODY = YES;
				CLANG_WARN_ENUM_CONVERSION = YES;
				CLANG_WARN_INFINITE_RECURSION = YES;
				CLANG_WARN_INT_CONVERSION = YES;
				CLANG_WARN_NON_LITERAL_NULL_CONVERSION = YES;
				CLANG_WARN_OBJC_IMPLICIT_RETAIN_SELF = YES;
				CLANG_WARN_OBJC_LITERAL_CONVERSION = YES;
				CLANG_WARN_OBJC_ROOT_CLASS = YES_ERROR;
				CLANG_WARN_QUOTED_INCLUDE_IN_FRAMEWORK_HEADER = YES;
				CLANG_WARN_RANGE_LOOP_ANALYSIS = YES;
				CLANG_WARN_STRICT_PROTOTYPES = YES;
				CLANG_WARN_SUSPICIOUS_MOVE = YES;
				CLANG_WARN_UNGUARDED_AVAILABILITY = YES_AGGRESSIVE;
				CLANG_WARN_UNREACHABLE_CODE = YES;
				CLANG_WARN__DUPLICATE_METHOD_MATCH = YES;
				COPY_PHASE_STRIP = NO;
				DEBUG_INFORMATION_FORMAT = "dwarf-with-dsym";
				ENABLE_NS_ASSERTIONS = NO;
				ENABLE_STRICT_OBJC_MSGSEND = YES;
				GCC_C_LANGUAGE_STANDARD = gnu11;
				GCC_NO_COMMON_BLOCKS = YES;
				GCC_WARN_64_TO_32_BIT_CONVERSION = YES;
				GCC_WARN_ABOUT_RETURN_TYPE = YES_ERROR;
				GCC_WARN_UNDECLARED_SELECTOR = YES;
				GCC_WARN_UNINITIALIZED_AUTOS = YES_AGGRESSIVE;
				GCC_WARN_UNUSED_FUNCTION = YES;
				GCC_WARN_UNUSED_VARIABLE = YES;
				IPHONEOS_DEPLOYMENT_TARGET = 15.2;
				MTL_ENABLE_DEBUG_INFO = NO;
				MTL_FAST_MATH = YES;
				SDKROOT = iphoneos;
				SWIFT_COMPILATION_MODE = wholemodule;
				SWIFT_OPTIMIZATION_LEVEL = "-O";
				VALIDATE_PRODUCT = YES;
			};
			name = Release;
		};
		A1417B89284ECF6E00406C39 /* Debug */ = {
			isa = XCBuildConfiguration;
			buildSettings = {
				ASSETCATALOG_COMPILER_APPICON_NAME = AppIcon;
				ASSETCATALOG_COMPILER_GLOBAL_ACCENT_COLOR_NAME = AccentColor;
				CODE_SIGN_STYLE = Automatic;
				CURRENT_PROJECT_VERSION = 1;
				DEVELOPMENT_TEAM = DJ99RNFJ8W;
				GENERATE_INFOPLIST_FILE = YES;
				INFOPLIST_FILE = "Not Bored Alkemy/Info.plist";
				INFOPLIST_KEY_UIApplicationSupportsIndirectInputEvents = YES;
				INFOPLIST_KEY_UILaunchStoryboardName = LaunchScreen;
				INFOPLIST_KEY_UIMainStoryboardFile = LaunchScreen;
				INFOPLIST_KEY_UISupportedInterfaceOrientations_iPad = "UIInterfaceOrientationPortrait UIInterfaceOrientationPortraitUpsideDown UIInterfaceOrientationLandscapeLeft UIInterfaceOrientationLandscapeRight";
				INFOPLIST_KEY_UISupportedInterfaceOrientations_iPhone = "UIInterfaceOrientationPortrait UIInterfaceOrientationLandscapeLeft UIInterfaceOrientationLandscapeRight";
				LD_RUNPATH_SEARCH_PATHS = (
					"$(inherited)",
					"@executable_path/Frameworks",
				);
				MARKETING_VERSION = 1.0;
				PRODUCT_BUNDLE_IDENTIFIER = "Alejandro.Not-Bored-Alkemy";
				PRODUCT_NAME = "$(TARGET_NAME)";
				SWIFT_EMIT_LOC_STRINGS = YES;
				SWIFT_VERSION = 5.0;
				TARGETED_DEVICE_FAMILY = "1,2";
			};
			name = Debug;
		};
		A1417B8A284ECF6E00406C39 /* Release */ = {
			isa = XCBuildConfiguration;
			buildSettings = {
				ASSETCATALOG_COMPILER_APPICON_NAME = AppIcon;
				ASSETCATALOG_COMPILER_GLOBAL_ACCENT_COLOR_NAME = AccentColor;
				CODE_SIGN_STYLE = Automatic;
				CURRENT_PROJECT_VERSION = 1;
				DEVELOPMENT_TEAM = DJ99RNFJ8W;
				GENERATE_INFOPLIST_FILE = YES;
				INFOPLIST_FILE = "Not Bored Alkemy/Info.plist";
				INFOPLIST_KEY_UIApplicationSupportsIndirectInputEvents = YES;
				INFOPLIST_KEY_UILaunchStoryboardName = LaunchScreen;
				INFOPLIST_KEY_UIMainStoryboardFile = LaunchScreen;
				INFOPLIST_KEY_UISupportedInterfaceOrientations_iPad = "UIInterfaceOrientationPortrait UIInterfaceOrientationPortraitUpsideDown UIInterfaceOrientationLandscapeLeft UIInterfaceOrientationLandscapeRight";
				INFOPLIST_KEY_UISupportedInterfaceOrientations_iPhone = "UIInterfaceOrientationPortrait UIInterfaceOrientationLandscapeLeft UIInterfaceOrientationLandscapeRight";
				LD_RUNPATH_SEARCH_PATHS = (
					"$(inherited)",
					"@executable_path/Frameworks",
				);
				MARKETING_VERSION = 1.0;
				PRODUCT_BUNDLE_IDENTIFIER = "Alejandro.Not-Bored-Alkemy";
				PRODUCT_NAME = "$(TARGET_NAME)";
				SWIFT_EMIT_LOC_STRINGS = YES;
				SWIFT_VERSION = 5.0;
				TARGETED_DEVICE_FAMILY = "1,2";
			};
			name = Release;
		};
		A1417B8C284ECF6E00406C39 /* Debug */ = {
			isa = XCBuildConfiguration;
			buildSettings = {
				ALWAYS_EMBED_SWIFT_STANDARD_LIBRARIES = YES;
				BUNDLE_LOADER = "$(TEST_HOST)";
				CODE_SIGN_STYLE = Automatic;
				CURRENT_PROJECT_VERSION = 1;
				DEVELOPMENT_TEAM = DJ99RNFJ8W;
				GENERATE_INFOPLIST_FILE = YES;
				IPHONEOS_DEPLOYMENT_TARGET = 15.2;
				MARKETING_VERSION = 1.0;
				PRODUCT_BUNDLE_IDENTIFIER = "Alejandro.Not-Bored-AlkemyTests";
				PRODUCT_NAME = "$(TARGET_NAME)";
				SWIFT_EMIT_LOC_STRINGS = NO;
				SWIFT_VERSION = 5.0;
				TARGETED_DEVICE_FAMILY = "1,2";
				TEST_HOST = "$(BUILT_PRODUCTS_DIR)/Not Bored Alkemy.app/Not Bored Alkemy";
			};
			name = Debug;
		};
		A1417B8D284ECF6E00406C39 /* Release */ = {
			isa = XCBuildConfiguration;
			buildSettings = {
				ALWAYS_EMBED_SWIFT_STANDARD_LIBRARIES = YES;
				BUNDLE_LOADER = "$(TEST_HOST)";
				CODE_SIGN_STYLE = Automatic;
				CURRENT_PROJECT_VERSION = 1;
				DEVELOPMENT_TEAM = DJ99RNFJ8W;
				GENERATE_INFOPLIST_FILE = YES;
				IPHONEOS_DEPLOYMENT_TARGET = 15.2;
				MARKETING_VERSION = 1.0;
				PRODUCT_BUNDLE_IDENTIFIER = "Alejandro.Not-Bored-AlkemyTests";
				PRODUCT_NAME = "$(TARGET_NAME)";
				SWIFT_EMIT_LOC_STRINGS = NO;
				SWIFT_VERSION = 5.0;
				TARGETED_DEVICE_FAMILY = "1,2";
				TEST_HOST = "$(BUILT_PRODUCTS_DIR)/Not Bored Alkemy.app/Not Bored Alkemy";
			};
			name = Release;
		};
		A1417B8F284ECF6E00406C39 /* Debug */ = {
			isa = XCBuildConfiguration;
			buildSettings = {
				ALWAYS_EMBED_SWIFT_STANDARD_LIBRARIES = YES;
				CODE_SIGN_STYLE = Automatic;
				CURRENT_PROJECT_VERSION = 1;
				DEVELOPMENT_TEAM = DJ99RNFJ8W;
				GENERATE_INFOPLIST_FILE = YES;
				MARKETING_VERSION = 1.0;
				PRODUCT_BUNDLE_IDENTIFIER = "Alejandro.Not-Bored-AlkemyUITests";
				PRODUCT_NAME = "$(TARGET_NAME)";
				SWIFT_EMIT_LOC_STRINGS = NO;
				SWIFT_VERSION = 5.0;
				TARGETED_DEVICE_FAMILY = "1,2";
				TEST_TARGET_NAME = "Not Bored Alkemy";
			};
			name = Debug;
		};
		A1417B90284ECF6E00406C39 /* Release */ = {
			isa = XCBuildConfiguration;
			buildSettings = {
				ALWAYS_EMBED_SWIFT_STANDARD_LIBRARIES = YES;
				CODE_SIGN_STYLE = Automatic;
				CURRENT_PROJECT_VERSION = 1;
				DEVELOPMENT_TEAM = DJ99RNFJ8W;
				GENERATE_INFOPLIST_FILE = YES;
				MARKETING_VERSION = 1.0;
				PRODUCT_BUNDLE_IDENTIFIER = "Alejandro.Not-Bored-AlkemyUITests";
				PRODUCT_NAME = "$(TARGET_NAME)";
				SWIFT_EMIT_LOC_STRINGS = NO;
				SWIFT_VERSION = 5.0;
				TARGETED_DEVICE_FAMILY = "1,2";
				TEST_TARGET_NAME = "Not Bored Alkemy";
			};
			name = Release;
		};
/* End XCBuildConfiguration section */

/* Begin XCConfigurationList section */
		A1417B59284ECF6D00406C39 /* Build configuration list for PBXProject "Not Bored Alkemy" */ = {
			isa = XCConfigurationList;
			buildConfigurations = (
				A1417B86284ECF6E00406C39 /* Debug */,
				A1417B87284ECF6E00406C39 /* Release */,
			);
			defaultConfigurationIsVisible = 0;
			defaultConfigurationName = Release;
		};
		A1417B88284ECF6E00406C39 /* Build configuration list for PBXNativeTarget "Not Bored Alkemy" */ = {
			isa = XCConfigurationList;
			buildConfigurations = (
				A1417B89284ECF6E00406C39 /* Debug */,
				A1417B8A284ECF6E00406C39 /* Release */,
			);
			defaultConfigurationIsVisible = 0;
			defaultConfigurationName = Release;
		};
		A1417B8B284ECF6E00406C39 /* Build configuration list for PBXNativeTarget "Not Bored AlkemyTests" */ = {
			isa = XCConfigurationList;
			buildConfigurations = (
				A1417B8C284ECF6E00406C39 /* Debug */,
				A1417B8D284ECF6E00406C39 /* Release */,
			);
			defaultConfigurationIsVisible = 0;
			defaultConfigurationName = Release;
		};
		A1417B8E284ECF6E00406C39 /* Build configuration list for PBXNativeTarget "Not Bored AlkemyUITests" */ = {
			isa = XCConfigurationList;
			buildConfigurations = (
				A1417B8F284ECF6E00406C39 /* Debug */,
				A1417B90284ECF6E00406C39 /* Release */,
			);
			defaultConfigurationIsVisible = 0;
			defaultConfigurationName = Release;
		};
/* End XCConfigurationList section */
	};
	rootObject = A1417B56284ECF6D00406C39 /* Project object */;
}
